// !$*UTF8*$!
{
	archiveVersion = 1;
	classes = {
	};
	objectVersion = 46;
	objects = {

/* Begin PBXBuildFile section */
		76CE7945133AD3D0C54262E6 /* libPods-GitHubOAuthCocoaPodsDemo.a in Frameworks */ = {isa = PBXBuildFile; fileRef = C26B028EB7500F240172AD1B /* libPods-GitHubOAuthCocoaPodsDemo.a */; };
		CE9152A81C91DFE500067F36 /* main.m in Sources */ = {isa = PBXBuildFile; fileRef = CE9152A71C91DFE500067F36 /* main.m */; };
		CE9152AB1C91DFE500067F36 /* AppDelegate.m in Sources */ = {isa = PBXBuildFile; fileRef = CE9152AA1C91DFE500067F36 /* AppDelegate.m */; };
		CE9152AE1C91DFE500067F36 /* ViewController.m in Sources */ = {isa = PBXBuildFile; fileRef = CE9152AD1C91DFE500067F36 /* ViewController.m */; };
		CE9152B11C91DFE500067F36 /* Main.storyboard in Resources */ = {isa = PBXBuildFile; fileRef = CE9152AF1C91DFE500067F36 /* Main.storyboard */; };
		CE9152B31C91DFE500067F36 /* Assets.xcassets in Resources */ = {isa = PBXBuildFile; fileRef = CE9152B21C91DFE500067F36 /* Assets.xcassets */; };
		CE9152B61C91DFE500067F36 /* LaunchScreen.storyboard in Resources */ = {isa = PBXBuildFile; fileRef = CE9152B41C91DFE500067F36 /* LaunchScreen.storyboard */; };
/* End PBXBuildFile section */

/* Begin PBXFileReference section */
		3083D99BCE5C82B83ED632E5 /* Pods-GitHubOAuthCocoaPodsDemo.debug.xcconfig */ = {isa = PBXFileReference; includeInIndex = 1; lastKnownFileType = text.xcconfig; name = "Pods-GitHubOAuthCocoaPodsDemo.debug.xcconfig"; path = "Pods/Target Support Files/Pods-GitHubOAuthCocoaPodsDemo/Pods-GitHubOAuthCocoaPodsDemo.debug.xcconfig"; sourceTree = "<group>"; };
		6D76FC0D823DEE59C4D2DA13 /* Pods-GitHubOAuthCocoaPodsDemo.release.xcconfig */ = {isa = PBXFileReference; includeInIndex = 1; lastKnownFileType = text.xcconfig; name = "Pods-GitHubOAuthCocoaPodsDemo.release.xcconfig"; path = "Pods/Target Support Files/Pods-GitHubOAuthCocoaPodsDemo/Pods-GitHubOAuthCocoaPodsDemo.release.xcconfig"; sourceTree = "<group>"; };
		C26B028EB7500F240172AD1B /* libPods-GitHubOAuthCocoaPodsDemo.a */ = {isa = PBXFileReference; explicitFileType = archive.ar; includeInIndex = 0; path = "libPods-GitHubOAuthCocoaPodsDemo.a"; sourceTree = BUILT_PRODUCTS_DIR; };
		CE9152A31C91DFE500067F36 /* GitHubOAuthCocoaPodsDemo.app */ = {isa = PBXFileReference; explicitFileType = wrapper.application; includeInIndex = 0; path = GitHubOAuthCocoaPodsDemo.app; sourceTree = BUILT_PRODUCTS_DIR; };
		CE9152A71C91DFE500067F36 /* main.m */ = {isa = PBXFileReference; lastKnownFileType = sourcecode.c.objc; path = main.m; sourceTree = "<group>"; };
		CE9152A91C91DFE500067F36 /* AppDelegate.h */ = {isa = PBXFileReference; lastKnownFileType = sourcecode.c.h; path = AppDelegate.h; sourceTree = "<group>"; };
		CE9152AA1C91DFE500067F36 /* AppDelegate.m */ = {isa = PBXFileReference; lastKnownFileType = sourcecode.c.objc; path = AppDelegate.m; sourceTree = "<group>"; };
		CE9152AC1C91DFE500067F36 /* ViewController.h */ = {isa = PBXFileReference; lastKnownFileType = sourcecode.c.h; path = ViewController.h; sourceTree = "<group>"; };
		CE9152AD1C91DFE500067F36 /* ViewController.m */ = {isa = PBXFileReference; lastKnownFileType = sourcecode.c.objc; path = ViewController.m; sourceTree = "<group>"; };
		CE9152B01C91DFE500067F36 /* Base */ = {isa = PBXFileReference; lastKnownFileType = file.storyboard; name = Base; path = Base.lproj/Main.storyboard; sourceTree = "<group>"; };
		CE9152B21C91DFE500067F36 /* Assets.xcassets */ = {isa = PBXFileReference; lastKnownFileType = folder.assetcatalog; path = Assets.xcassets; sourceTree = "<group>"; };
		CE9152B51C91DFE500067F36 /* Base */ = {isa = PBXFileReference; lastKnownFileType = file.storyboard; name = Base; path = Base.lproj/LaunchScreen.storyboard; sourceTree = "<group>"; };
		CE9152B71C91DFE500067F36 /* Info.plist */ = {isa = PBXFileReference; lastKnownFileType = text.plist.xml; path = Info.plist; sourceTree = "<group>"; };
/* End PBXFileReference section */

/* Begin PBXFrameworksBuildPhase section */
		CE9152A01C91DFE500067F36 /* Frameworks */ = {
			isa = PBXFrameworksBuildPhase;
			buildActionMask = 2147483647;
			files = (
				76CE7945133AD3D0C54262E6 /* libPods-GitHubOAuthCocoaPodsDemo.a in Frameworks */,
			);
			runOnlyForDeploymentPostprocessing = 0;
		};
/* End PBXFrameworksBuildPhase section */

/* Begin PBXGroup section */
		A7D596C2F31A34D7EF20A508 /* Frameworks */ = {
			isa = PBXGroup;
			children = (
				C26B028EB7500F240172AD1B /* libPods-GitHubOAuthCocoaPodsDemo.a */,
			);
			name = Frameworks;
			sourceTree = "<group>";
		};
		CE91529A1C91DFE500067F36 = {
			isa = PBXGroup;
			children = (
				CE9152A51C91DFE500067F36 /* GitHubOAuthCocoaPodsDemo */,
				CE9152A41C91DFE500067F36 /* Products */,
				EFDBF42DD5453EA6C482CFFF /* Pods */,
				A7D596C2F31A34D7EF20A508 /* Frameworks */,
			);
			sourceTree = "<group>";
		};
		CE9152A41C91DFE500067F36 /* Products */ = {
			isa = PBXGroup;
			children = (
				CE9152A31C91DFE500067F36 /* GitHubOAuthCocoaPodsDemo.app */,
			);
			name = Products;
			sourceTree = "<group>";
		};
		CE9152A51C91DFE500067F36 /* GitHubOAuthCocoaPodsDemo */ = {
			isa = PBXGroup;
			children = (
				CE9152A91C91DFE500067F36 /* AppDelegate.h */,
				CE9152AA1C91DFE500067F36 /* AppDelegate.m */,
				CE9152AC1C91DFE500067F36 /* ViewController.h */,
				CE9152AD1C91DFE500067F36 /* ViewController.m */,
				CE9152AF1C91DFE500067F36 /* Main.storyboard */,
				CE9152B21C91DFE500067F36 /* Assets.xcassets */,
				CE9152B41C91DFE500067F36 /* LaunchScreen.storyboard */,
				CE9152B71C91DFE500067F36 /* Info.plist */,
				CE9152A61C91DFE500067F36 /* Supporting Files */,
			);
			path = GitHubOAuthCocoaPodsDemo;
			sourceTree = "<group>";
		};
		CE9152A61C91DFE500067F36 /* Supporting Files */ = {
			isa = PBXGroup;
			children = (
				CE9152A71C91DFE500067F36 /* main.m */,
			);
			name = "Supporting Files";
			sourceTree = "<group>";
		};
		EFDBF42DD5453EA6C482CFFF /* Pods */ = {
			isa = PBXGroup;
			children = (
				3083D99BCE5C82B83ED632E5 /* Pods-GitHubOAuthCocoaPodsDemo.debug.xcconfig */,
				6D76FC0D823DEE59C4D2DA13 /* Pods-GitHubOAuthCocoaPodsDemo.release.xcconfig */,
			);
			name = Pods;
			sourceTree = "<group>";
		};
/* End PBXGroup section */

/* Begin PBXNativeTarget section */
		CE9152A21C91DFE500067F36 /* GitHubOAuthCocoaPodsDemo */ = {
			isa = PBXNativeTarget;
			buildConfigurationList = CE9152BA1C91DFE500067F36 /* Build configuration list for PBXNativeTarget "GitHubOAuthCocoaPodsDemo" */;
			buildPhases = (
				D364F340FC3285DE14ADA3E2 /* Check Pods Manifest.lock */,
				CE91529F1C91DFE500067F36 /* Sources */,
				CE9152A01C91DFE500067F36 /* Frameworks */,
				CE9152A11C91DFE500067F36 /* Resources */,
				84DEC68157B0F8B38A0E0763 /* Embed Pods Frameworks */,
				7E09C77F84884FFEA0D0CEA9 /* Copy Pods Resources */,
			);
			buildRules = (
			);
			dependencies = (
			);
			name = GitHubOAuthCocoaPodsDemo;
			productName = GitHubOAuthCocoaPodsDemo;
			productReference = CE9152A31C91DFE500067F36 /* GitHubOAuthCocoaPodsDemo.app */;
			productType = "com.apple.product-type.application";
		};
/* End PBXNativeTarget section */

/* Begin PBXProject section */
		CE91529B1C91DFE500067F36 /* Project object */ = {
			isa = PBXProject;
			attributes = {
				LastUpgradeCheck = 0720;
				ORGANIZATIONNAME = "Daniel Khamsing";
				TargetAttributes = {
					CE9152A21C91DFE500067F36 = {
						CreatedOnToolsVersion = 7.2.1;
					};
				};
			};
			buildConfigurationList = CE91529E1C91DFE500067F36 /* Build configuration list for PBXProject "GitHubOAuthCocoaPodsDemo" */;
			compatibilityVersion = "Xcode 3.2";
			developmentRegion = English;
			hasScannedForEncodings = 0;
			knownRegions = (
				en,
				Base,
			);
			mainGroup = CE91529A1C91DFE500067F36;
			productRefGroup = CE9152A41C91DFE500067F36 /* Products */;
			projectDirPath = "";
			projectRoot = "";
			targets = (
				CE9152A21C91DFE500067F36 /* GitHubOAuthCocoaPodsDemo */,
			);
		};
/* End PBXProject section */

/* Begin PBXResourcesBuildPhase section */
		CE9152A11C91DFE500067F36 /* Resources */ = {
			isa = PBXResourcesBuildPhase;
			buildActionMask = 2147483647;
			files = (
				CE9152B61C91DFE500067F36 /* LaunchScreen.storyboard in Resources */,
				CE9152B31C91DFE500067F36 /* Assets.xcassets in Resources */,
				CE9152B11C91DFE500067F36 /* Main.storyboard in Resources */,
			);
			runOnlyForDeploymentPostprocessing = 0;
		};
/* End PBXResourcesBuildPhase section */

/* Begin PBXShellScriptBuildPhase section */
		7E09C77F84884FFEA0D0CEA9 /* Copy Pods Resources */ = {
			isa = PBXShellScriptBuildPhase;
			buildActionMask = 2147483647;
			files = (
			);
			inputPaths = (
			);
			name = "Copy Pods Resources";
			outputPaths = (
			);
			runOnlyForDeploymentPostprocessing = 0;
			shellPath = /bin/sh;
			shellScript = "\"${SRCROOT}/Pods/Target Support Files/Pods-GitHubOAuthCocoaPodsDemo/Pods-GitHubOAuthCocoaPodsDemo-resources.sh\"\n";
			showEnvVarsInLog = 0;
		};
		84DEC68157B0F8B38A0E0763 /* Embed Pods Frameworks */ = {
			isa = PBXShellScriptBuildPhase;
			buildActionMask = 2147483647;
			files = (
			);
			inputPaths = (
			);
			name = "Embed Pods Frameworks";
			outputPaths = (
			);
			runOnlyForDeploymentPostprocessing = 0;
			shellPath = /bin/sh;
			shellScript = "\"${SRCROOT}/Pods/Target Support Files/Pods-GitHubOAuthCocoaPodsDemo/Pods-GitHubOAuthCocoaPodsDemo-frameworks.sh\"\n";
			showEnvVarsInLog = 0;
		};
		D364F340FC3285DE14ADA3E2 /* Check Pods Manifest.lock */ = {
			isa = PBXShellScriptBuildPhase;
			buildActionMask = 2147483647;
			files = (
			);
			inputPaths = (
			);
			name = "Check Pods Manifest.lock";
			outputPaths = (
			);
			runOnlyForDeploymentPostprocessing = 0;
			shellPath = /bin/sh;
			shellScript = "diff \"${PODS_ROOT}/../Podfile.lock\" \"${PODS_ROOT}/Manifest.lock\" > /dev/null\nif [[ $? != 0 ]] ; then\n    cat << EOM\nerror: The sandbox is not in sync with the Podfile.lock. Run 'pod install' or update your CocoaPods installation.\nEOM\n    exit 1\nfi\n";
			showEnvVarsInLog = 0;
		};
/* End PBXShellScriptBuildPhase section */

/* Begin PBXSourcesBuildPhase section */
		CE91529F1C91DFE500067F36 /* Sources */ = {
			isa = PBXSourcesBuildPhase;
			buildActionMask = 2147483647;
			files = (
				CE9152AE1C91DFE500067F36 /* ViewController.m in Sources */,
				CE9152AB1C91DFE500067F36 /* AppDelegate.m in Sources */,
				CE9152A81C91DFE500067F36 /* main.m in Sources */,
			);
			runOnlyForDeploymentPostprocessing = 0;
		};
/* End PBXSourcesBuildPhase section */

/* Begin PBXVariantGroup section */
		CE9152AF1C91DFE500067F36 /* Main.storyboard */ = {
			isa = PBXVariantGroup;
			children = (
				CE9152B01C91DFE500067F36 /* Base */,
			);
			name = Main.storyboard;
			sourceTree = "<group>";
		};
		CE9152B41C91DFE500067F36 /* LaunchScreen.storyboard */ = {
			isa = PBXVariantGroup;
			children = (
				CE9152B51C91DFE500067F36 /* Base */,
			);
			name = LaunchScreen.storyboard;
			sourceTree = "<group>";
		};
/* End PBXVariantGroup section */

/* Begin XCBuildConfiguration section */
		CE9152B81C91DFE500067F36 /* Debug */ = {
			isa = XCBuildConfiguration;
			buildSettings = {
				ALWAYS_SEARCH_USER_PATHS = NO;
				CLANG_CXX_LANGUAGE_STANDARD = "gnu++0x";
				CLANG_CXX_LIBRARY = "libc++";
				CLANG_ENABLE_MODULES = YES;
				CLANG_ENABLE_OBJC_ARC = YES;
				CLANG_WARN_BOOL_CONVERSION = YES;
				CLANG_WARN_CONSTANT_CONVERSION = YES;
				CLANG_WARN_DIRECT_OBJC_ISA_USAGE = YES_ERROR;
				CLANG_WARN_EMPTY_BODY = YES;
				CLANG_WARN_ENUM_CONVERSION = YES;
				CLANG_WARN_INT_CONVERSION = YES;
				CLANG_WARN_OBJC_ROOT_CLASS = YES_ERROR;
				CLANG_WARN_UNREACHABLE_CODE = YES;
				CLANG_WARN__DUPLICATE_METHOD_MATCH = YES;
				"CODE_SIGN_IDENTITY[sdk=iphoneos*]" = "iPhone Developer";
				COPY_PHASE_STRIP = NO;
				DEBUG_INFORMATION_FORMAT = dwarf;
				ENABLE_STRICT_OBJC_MSGSEND = YES;
				ENABLE_TESTABILITY = YES;
				GCC_C_LANGUAGE_STANDARD = gnu99;
				GCC_DYNAMIC_NO_PIC = NO;
				GCC_NO_COMMON_BLOCKS = YES;
				GCC_OPTIMIZATION_LEVEL = 0;
				GCC_PREPROCESSOR_DEFINITIONS = (
					"DEBUG=1",
					"$(inherited)",
				);
				GCC_WARN_64_TO_32_BIT_CONVERSION = YES;
				GCC_WARN_ABOUT_RETURN_TYPE = YES_ERROR;
				GCC_WARN_UNDECLARED_SELECTOR = YES;
				GCC_WARN_UNINITIALIZED_AUTOS = YES_AGGRESSIVE;
				GCC_WARN_UNUSED_FUNCTION = YES;
				GCC_WARN_UNUSED_VARIABLE = YES;
				IPHONEOS_DEPLOYMENT_TARGET = 9.2;
				MTL_ENABLE_DEBUG_INFO = YES;
				ONLY_ACTIVE_ARCH = YES;
				SDKROOT = iphoneos;
				TARGETED_DEVICE_FAMILY = "1,2";
			};
			name = Debug;
		};
		CE9152B91C91DFE500067F36 /* Release */ = {
			isa = XCBuildConfiguration;
			buildSettings = {
				ALWAYS_SEARCH_USER_PATHS = NO;
				CLANG_CXX_LANGUAGE_STANDARD = "gnu++0x";
				CLANG_CXX_LIBRARY = "libc++";
				CLANG_ENABLE_MODULES = YES;
				CLANG_ENABLE_OBJC_ARC = YES;
				CLANG_WARN_BOOL_CONVERSION = YES;
				CLANG_WARN_CONSTANT_CONVERSION = YES;
				CLANG_WARN_DIRECT_OBJC_ISA_USAGE = YES_ERROR;
				CLANG_WARN_EMPTY_BODY = YES;
				CLANG_WARN_ENUM_CONVERSION = YES;
				CLANG_WARN_INT_CONVERSION = YES;
				CLANG_WARN_OBJC_ROOT_CLASS = YES_ERROR;
				CLANG_WARN_UNREACHABLE_CODE = YES;
				CLANG_WARN__DUPLICATE_METHOD_MATCH = YES;
				"CODE_SIGN_IDENTITY[sdk=iphoneos*]" = "iPhone Developer";
				COPY_PHASE_STRIP = NO;
				DEBUG_INFORMATION_FORMAT = "dwarf-with-dsym";
				ENABLE_NS_ASSERTIONS = NO;
				ENABLE_STRICT_OBJC_MSGSEND = YES;
				GCC_C_LANGUAGE_STANDARD = gnu99;
				GCC_NO_COMMON_BLOCKS = YES;
				GCC_WARN_64_TO_32_BIT_CONVERSION = YES;
				GCC_WARN_ABOUT_RETURN_TYPE = YES_ERROR;
				GCC_WARN_UNDECLARED_SELECTOR = YES;
				GCC_WARN_UNINITIALIZED_AUTOS = YES_AGGRESSIVE;
				GCC_WARN_UNUSED_FUNCTION = YES;
				GCC_WARN_UNUSED_VARIABLE = YES;
				IPHONEOS_DEPLOYMENT_TARGET = 9.2;
				MTL_ENABLE_DEBUG_INFO = NO;
				SDKROOT = iphoneos;
				TARGETED_DEVICE_FAMILY = "1,2";
				VALIDATE_PRODUCT = YES;
			};
			name = Release;
		};
		CE9152BB1C91DFE500067F36 /* Debug */ = {
			isa = XCBuildConfiguration;
			baseConfigurationReference = 3083D99BCE5C82B83ED632E5 /* Pods-GitHubOAuthCocoaPodsDemo.debug.xcconfig */;
			buildSettings = {
				ASSETCATALOG_COMPILER_APPICON_NAME = AppIcon;
				INFOPLIST_FILE = GitHubOAuthCocoaPodsDemo/Info.plist;
				LD_RUNPATH_SEARCH_PATHS = "$(inherited) @executable_path/Frameworks";
				PRODUCT_BUNDLE_IDENTIFIER = com.dkhamsing.GitHubOAuthCocoaPodsDemo;
				PRODUCT_NAME = "$(TARGET_NAME)";
			};
			name = Debug;
		};
		CE9152BC1C91DFE500067F36 /* Release */ = {
			isa = XCBuildConfiguration;
			baseConfigurationReference = 6D76FC0D823DEE59C4D2DA13 /* Pods-GitHubOAuthCocoaPodsDemo.release.xcconfig */;
			buildSettings = {
				ASSETCATALOG_COMPILER_APPICON_NAME = AppIcon;
				INFOPLIST_FILE = GitHubOAuthCocoaPodsDemo/Info.plist;
				LD_RUNPATH_SEARCH_PATHS = "$(inherited) @executable_path/Frameworks";
				PRODUCT_BUNDLE_IDENTIFIER = com.dkhamsing.GitHubOAuthCocoaPodsDemo;
				PRODUCT_NAME = "$(TARGET_NAME)";
			};
			name = Release;
		};
/* End XCBuildConfiguration section */

/* Begin XCConfigurationList section */
		CE91529E1C91DFE500067F36 /* Build configuration list for PBXProject "GitHubOAuthCocoaPodsDemo" */ = {
			isa = XCConfigurationList;
			buildConfigurations = (
				CE9152B81C91DFE500067F36 /* Debug */,
				CE9152B91C91DFE500067F36 /* Release */,
			);
			defaultConfigurationIsVisible = 0;
			defaultConfigurationName = Release;
		};
		CE9152BA1C91DFE500067F36 /* Build configuration list for PBXNativeTarget "GitHubOAuthCocoaPodsDemo" */ = {
			isa = XCConfigurationList;
			buildConfigurations = (
				CE9152BB1C91DFE500067F36 /* Debug */,
				CE9152BC1C91DFE500067F36 /* Release */,
			);
			defaultConfigurationIsVisible = 0;
			defaultConfigurationName = Release;
		};
/* End XCConfigurationList section */
	};
	rootObject = CE91529B1C91DFE500067F36 /* Project object */;
}
